
Microsoft Visual Studio Solution File, Format Version 12.00
# Visual Studio 2013
VisualStudioVersion = 12.0.21005.1
MinimumVisualStudioVersion = 10.0.40219.1
Project("{FAE04EC0-301F-11D3-BF4B-00C04F79EFBC}") = "CalculatorKata", "CalculatorKata\CalculatorKata.csproj", "{C5B88672-5D5D-4527-BCC2-9E0D40314B5D}"
EndProject
Project("{FAE04EC0-301F-11D3-BF4B-00C04F79EFBC}") = "CalculatorKataTest", "UnitTestProject1\CalculatorKataTest.csproj", "{FDAADF19-71C2-4C37-8461-1E0302B5CC0D}"
EndProject
Global
	GlobalSection(SolutionConfigurationPlatforms) = preSolution
		Debug|Any CPU = Debug|Any CPU
		Release|Any CPU = Release|Any CPU
	EndGlobalSection
	GlobalSection(ProjectConfigurationPlatforms) = postSolution
		{C5B88672-5D5D-4527-BCC2-9E0D40314B5D}.Debug|Any CPU.ActiveCfg = Debug|Any CPU
		{C5B88672-5D5D-4527-BCC2-9E0D40314B5D}.Debug|Any CPU.Build.0 = Debug|Any CPU
		{C5B88672-5D5D-4527-BCC2-9E0D40314B5D}.Release|Any CPU.ActiveCfg = Release|Any CPU
		{C5B88672-5D5D-4527-BCC2-9E0D40314B5D}.Release|Any CPU.Build.0 = Release|Any CPU
		{FDAADF19-71C2-4C37-8461-1E0302B5CC0D}.Debug|Any CPU.ActiveCfg = Debug|Any CPU
		{FDAADF19-71C2-4C37-8461-1E0302B5CC0D}.Debug|Any CPU.Build.0 = Debug|Any CPU
		{FDAADF19-71C2-4C37-8461-1E0302B5CC0D}.Release|Any CPU.ActiveCfg = Release|Any CPU
		{FDAADF19-71C2-4C37-8461-1E0302B5CC0D}.Release|Any CPU.Build.0 = Release|Any CPU
	EndGlobalSection
	GlobalSection(SolutionProperties) = preSolution
		HideSolutionNode = FALSE
	EndGlobalSection
EndGlobal
